// !$*UTF8*$!
{
	archiveVersion = 1;
	classes = {
	};
	objectVersion = 46;
	objects = {

/* Begin PBXBuildFile section */
		3060ABBB5353AFCA3B670434 /* libPods-Svail.a in Frameworks */ = {isa = PBXBuildFile; fileRef = 3587A31141F93B686E121083 /* libPods-Svail.a */; };
		360CBE201AE8271400A1F8CF /* PurchaseHistoryViewController.m in Sources */ = {isa = PBXBuildFile; fileRef = 360CBE1F1AE8271400A1F8CF /* PurchaseHistoryViewController.m */; };
		360CBE261AE8493C00A1F8CF /* Images.xcassets in Resources */ = {isa = PBXBuildFile; fileRef = 360CBE251AE8493C00A1F8CF /* Images.xcassets */; };
		360CBE291AE8EBB500A1F8CF /* ParticipantPurchaseCVCell.m in Sources */ = {isa = PBXBuildFile; fileRef = 360CBE281AE8EBB500A1F8CF /* ParticipantPurchaseCVCell.m */; };
		364CBE991AEF7B3900754D9C /* Main.storyboard in Resources */ = {isa = PBXBuildFile; fileRef = 364CBE981AEF7B3900754D9C /* Main.storyboard */; };
		364CBE9C1AEF7FC200754D9C /* RootTabBarController.m in Sources */ = {isa = PBXBuildFile; fileRef = 364CBE9B1AEF7FC200754D9C /* RootTabBarController.m */; };
		364DF2FC1AECDAFD00E0DFF6 /* RatingViewController.m in Sources */ = {isa = PBXBuildFile; fileRef = 364DF2FB1AECDAFD00E0DFF6 /* RatingViewController.m */; };
		364DF30C1AEDA2F600E0DFF6 /* CustomViewUtilities.m in Sources */ = {isa = PBXBuildFile; fileRef = 364DF30B1AEDA2F600E0DFF6 /* CustomViewUtilities.m */; };
		364DF30F1AEF30AF00E0DFF6 /* History.storyboard in Resources */ = {isa = PBXBuildFile; fileRef = 364DF30E1AEF30AF00E0DFF6 /* History.storyboard */; };
		364DF3121AEF344400E0DFF6 /* HistoryViewController.m in Sources */ = {isa = PBXBuildFile; fileRef = 364DF3111AEF344400E0DFF6 /* HistoryViewController.m */; };
		364DF3181AEF4CB300E0DFF6 /* PostTableViewCell.m in Sources */ = {isa = PBXBuildFile; fileRef = 364DF3171AEF4CB300E0DFF6 /* PostTableViewCell.m */; };
		364DF31B1AEF4CEA00E0DFF6 /* PurchaseTableViewCell.m in Sources */ = {isa = PBXBuildFile; fileRef = 364DF31A1AEF4CEA00E0DFF6 /* PurchaseTableViewCell.m */; };
		364DF31E1AEF566700E0DFF6 /* ParticipantsCollectionViewCell.m in Sources */ = {isa = PBXBuildFile; fileRef = 364DF31D1AEF566700E0DFF6 /* ParticipantsCollectionViewCell.m */; };
		3666FD891ADCE2F000105272 /* FBSDKCoreKit.framework in Frameworks */ = {isa = PBXBuildFile; fileRef = 3666FD881ADCE2F000105272 /* FBSDKCoreKit.framework */; };
		3666FD8B1ADCE30100105272 /* FBSDKLoginKit.framework in Frameworks */ = {isa = PBXBuildFile; fileRef = 3666FD8A1ADCE30100105272 /* FBSDKLoginKit.framework */; };
		3666FD8D1ADCE31700105272 /* FBSDKShareKit.framework in Frameworks */ = {isa = PBXBuildFile; fileRef = 3666FD8C1ADCE31700105272 /* FBSDKShareKit.framework */; };
		3666FD901ADDB4CE00105272 /* SocialVeriViewController.m in Sources */ = {isa = PBXBuildFile; fileRef = 3666FD8F1ADDB4CE00105272 /* SocialVeriViewController.m */; };
		36BBC47B1AE43394007960F1 /* ParseFacebookUtilsV4.framework in Frameworks */ = {isa = PBXBuildFile; fileRef = 36BBC47A1AE43394007960F1 /* ParseFacebookUtilsV4.framework */; };
		36BBC47D1AE435E0007960F1 /* Parse.framework in Frameworks */ = {isa = PBXBuildFile; fileRef = 36BBC47C1AE435E0007960F1 /* Parse.framework */; };
		36BBC47F1AE43969007960F1 /* Bolts.framework in Frameworks */ = {isa = PBXBuildFile; fileRef = 36BBC47E1AE43969007960F1 /* Bolts.framework */; };
		36DE955C1ADDC93900ABDB93 /* TwitterKit.framework in Frameworks */ = {isa = PBXBuildFile; fileRef = 36DE95591ADDC93900ABDB93 /* TwitterKit.framework */; };
		36DE955D1ADDC93900ABDB93 /* TwitterKitResources.bundle in Resources */ = {isa = PBXBuildFile; fileRef = 36DE955A1ADDC93900ABDB93 /* TwitterKitResources.bundle */; };
		36DE955E1ADDC93900ABDB93 /* Fabric.framework in Frameworks */ = {isa = PBXBuildFile; fileRef = 36DE955B1ADDC93900ABDB93 /* Fabric.framework */; };
		36EBB01B1AE5F6D50045AF92 /* Reference.m in Sources */ = {isa = PBXBuildFile; fileRef = 36EBB01A1AE5F6D50045AF92 /* Reference.m */; };
		36EBB0241AE80F550045AF92 /* ReviewPurchaseViewController.m in Sources */ = {isa = PBXBuildFile; fileRef = 36EBB0231AE80F550045AF92 /* ReviewPurchaseViewController.m */; };
		36EBB0271AE822A80045AF92 /* ConfirmPurchaseViewController.m in Sources */ = {isa = PBXBuildFile; fileRef = 36EBB0261AE822A80045AF92 /* ConfirmPurchaseViewController.m */; };
		3E4036DD1ADD882600C4A0A0 /* MapViewController.m in Sources */ = {isa = PBXBuildFile; fileRef = 3E4036DC1ADD882600C4A0A0 /* MapViewController.m */; };
		3E4036E61ADD90A500C4A0A0 /* EventLocationDownloader.m in Sources */ = {isa = PBXBuildFile; fileRef = 3E4036E51ADD90A500C4A0A0 /* EventLocationDownloader.m */; };
		3E80C4961AE4C85800405828 /* ParticipantsViewController.m in Sources */ = {isa = PBXBuildFile; fileRef = 3E80C4951AE4C85800405828 /* ParticipantsViewController.m */; };
		3E83BB8F1AE6B93C0064AE89 /* CustomPointAnnotation.m in Sources */ = {isa = PBXBuildFile; fileRef = 3E83BB8E1AE6B93C0064AE89 /* CustomPointAnnotation.m */; };
		3E83BB921AE712D90064AE89 /* ZSPinAnnotation.m in Sources */ = {isa = PBXBuildFile; fileRef = 3E83BB911AE712D90064AE89 /* ZSPinAnnotation.m */; };
		3E8A669E1ADC7D7200EF976F /* SignUpViewController.swift in Sources */ = {isa = PBXBuildFile; fileRef = 3E8A669D1ADC7D7200EF976F /* SignUpViewController.swift */; };
		3E8A66A01ADCA9D800EF976F /* CreateProfileViewController.swift in Sources */ = {isa = PBXBuildFile; fileRef = 3E8A669F1ADCA9D800EF976F /* CreateProfileViewController.swift */; };
		3E8D28941AE30E8C00D7D648 /* EditProfileViewController.m in Sources */ = {isa = PBXBuildFile; fileRef = 3E8D28931AE30E8C00D7D648 /* EditProfileViewController.m */; };
		3E8D28981AE30ED600D7D648 /* EditProfile.storyboard in Resources */ = {isa = PBXBuildFile; fileRef = 3E8D28971AE30ED600D7D648 /* EditProfile.storyboard */; };
		3E8D289D1AE381F900D7D648 /* UserProfileViewController.m in Sources */ = {isa = PBXBuildFile; fileRef = 3E8D289C1AE381F900D7D648 /* UserProfileViewController.m */; };
		3E8D289F1AE382A800D7D648 /* UserProfile.storyboard in Resources */ = {isa = PBXBuildFile; fileRef = 3E8D289E1AE382A800D7D648 /* UserProfile.storyboard */; };
		3E968BD31AED9F2B009FB31F /* CustomImageView.m in Sources */ = {isa = PBXBuildFile; fileRef = 3E968BD21AED9F2B009FB31F /* CustomImageView.m */; };
		F24B35A31ADB7E54006153EC /* main.m in Sources */ = {isa = PBXBuildFile; fileRef = F24B35A21ADB7E54006153EC /* main.m */; };
		F24B35A61ADB7E54006153EC /* AppDelegate.m in Sources */ = {isa = PBXBuildFile; fileRef = F24B35A51ADB7E54006153EC /* AppDelegate.m */; };
		F24B35A91ADB7E54006153EC /* Svail.xcdatamodeld in Sources */ = {isa = PBXBuildFile; fileRef = F24B35A71ADB7E54006153EC /* Svail.xcdatamodeld */; };
		F24B35B41ADB7E54006153EC /* LaunchScreen.xib in Resources */ = {isa = PBXBuildFile; fileRef = F24B35B21ADB7E54006153EC /* LaunchScreen.xib */; };
		F24B35C01ADB7E54006153EC /* SvailTests.m in Sources */ = {isa = PBXBuildFile; fileRef = F24B35BF1ADB7E54006153EC /* SvailTests.m */; };
		F24B35D01ADB95AA006153EC /* SystemConfiguration.framework in Frameworks */ = {isa = PBXBuildFile; fileRef = F24B35CF1ADB95AA006153EC /* SystemConfiguration.framework */; };
		F24B35D21ADB95BB006153EC /* libsqlite3.dylib in Frameworks */ = {isa = PBXBuildFile; fileRef = F24B35D11ADB95BB006153EC /* libsqlite3.dylib */; };
		F24B35D41ADB95C5006153EC /* libz.dylib in Frameworks */ = {isa = PBXBuildFile; fileRef = F24B35D31ADB95C5006153EC /* libz.dylib */; };
		F24B35D61ADB95CB006153EC /* StoreKit.framework in Frameworks */ = {isa = PBXBuildFile; fileRef = F24B35D51ADB95CB006153EC /* StoreKit.framework */; };
		F24B35D81ADB95D2006153EC /* Security.framework in Frameworks */ = {isa = PBXBuildFile; fileRef = F24B35D71ADB95D2006153EC /* Security.framework */; };
		F24B35DA1ADB95DD006153EC /* QuartzCore.framework in Frameworks */ = {isa = PBXBuildFile; fileRef = F24B35D91ADB95DD006153EC /* QuartzCore.framework */; };
		F24B35DC1ADB95E4006153EC /* MobileCoreServices.framework in Frameworks */ = {isa = PBXBuildFile; fileRef = F24B35DB1ADB95E4006153EC /* MobileCoreServices.framework */; };
		F24B35DE1ADB95EA006153EC /* CoreGraphics.framework in Frameworks */ = {isa = PBXBuildFile; fileRef = F24B35DD1ADB95EA006153EC /* CoreGraphics.framework */; };
		F24B35E01ADB95F8006153EC /* CoreLocation.framework in Frameworks */ = {isa = PBXBuildFile; fileRef = F24B35DF1ADB95F8006153EC /* CoreLocation.framework */; };
		F24B35E21ADB9613006153EC /* CFNetwork.framework in Frameworks */ = {isa = PBXBuildFile; fileRef = F24B35E11ADB9613006153EC /* CFNetwork.framework */; };
		F24B35E41ADB961E006153EC /* AudioToolbox.framework in Frameworks */ = {isa = PBXBuildFile; fileRef = F24B35E31ADB961E006153EC /* AudioToolbox.framework */; };
		F24B36231ADC6AE0006153EC /* Login.storyboard in Resources */ = {isa = PBXBuildFile; fileRef = F24B36221ADC6AE0006153EC /* Login.storyboard */; };
		F24B36251ADC6AF1006153EC /* Map.storyboard in Resources */ = {isa = PBXBuildFile; fileRef = F24B36241ADC6AF1006153EC /* Map.storyboard */; };
		F24B36271ADC6B16006153EC /* Service.storyboard in Resources */ = {isa = PBXBuildFile; fileRef = F24B36261ADC6B16006153EC /* Service.storyboard */; };
		F24B36291ADC6B28006153EC /* Purchase.storyboard in Resources */ = {isa = PBXBuildFile; fileRef = F24B36281ADC6B28006153EC /* Purchase.storyboard */; };
		F24B362B1ADC6B3C006153EC /* Verification.storyboard in Resources */ = {isa = PBXBuildFile; fileRef = F24B362A1ADC6B3C006153EC /* Verification.storyboard */; };
		F24B362D1ADC6B4B006153EC /* Post.storyboard in Resources */ = {isa = PBXBuildFile; fileRef = F24B362C1ADC6B4B006153EC /* Post.storyboard */; };
		F24B36311ADC6EDD006153EC /* MapKit.framework in Frameworks */ = {isa = PBXBuildFile; fileRef = F24B36301ADC6EDD006153EC /* MapKit.framework */; };
		F24B36381ADC781F006153EC /* LoginViewController.swift in Sources */ = {isa = PBXBuildFile; fileRef = F24B36371ADC781F006153EC /* LoginViewController.swift */; };
		F24B363D1ADCA6D0006153EC /* User.m in Sources */ = {isa = PBXBuildFile; fileRef = F24B363C1ADCA6D0006153EC /* User.m */; };
		F24B36431ADCB0E8006153EC /* Purchase.m in Sources */ = {isa = PBXBuildFile; fileRef = F24B36421ADCB0E8006153EC /* Purchase.m */; };
		F24B36461ADCB320006153EC /* Image.m in Sources */ = {isa = PBXBuildFile; fileRef = F24B36451ADCB320006153EC /* Image.m */; };
		F24B36491ADCB534006153EC /* Rating.m in Sources */ = {isa = PBXBuildFile; fileRef = F24B36481ADCB534006153EC /* Rating.m */; };
		F24B364C1ADCB645006153EC /* Verification.m in Sources */ = {isa = PBXBuildFile; fileRef = F24B364B1ADCB645006153EC /* Verification.m */; };
		F24B364F1ADCD911006153EC /* PostViewController.m in Sources */ = {isa = PBXBuildFile; fileRef = F24B364E1ADCD911006153EC /* PostViewController.m */; };
		F24B36511ADCDD70006153EC /* camera.png in Resources */ = {isa = PBXBuildFile; fileRef = F24B36501ADCDD70006153EC /* camera.png */; };
		F24B36541ADD4FBF006153EC /* PostHistoryViewController.m in Sources */ = {isa = PBXBuildFile; fileRef = F24B36531ADD4FBF006153EC /* PostHistoryViewController.m */; };
		F24B36571ADD4FDB006153EC /* PostDetailViewController.m in Sources */ = {isa = PBXBuildFile; fileRef = F24B36561ADD4FDB006153EC /* PostDetailViewController.m */; };
		F24B365C1ADDA923006153EC /* Service.m in Sources */ = {isa = PBXBuildFile; fileRef = F24B365B1ADDA923006153EC /* Service.m */; };
		F24B365F1ADE2015006153EC /* SelectImageViewController.m in Sources */ = {isa = PBXBuildFile; fileRef = F24B365E1ADE2015006153EC /* SelectImageViewController.m */; };
		F262CB641AE97DAB00988E5B /* PayViewController.swift in Sources */ = {isa = PBXBuildFile; fileRef = F262CB631AE97DAB00988E5B /* PayViewController.swift */; };
		F262CB691AEACAED00988E5B /* mapicon.png in Resources */ = {isa = PBXBuildFile; fileRef = F262CB681AEACAED00988E5B /* mapicon.png */; };
		F268B4991AE4D6D9008F2370 /* fbloginButton.png in Resources */ = {isa = PBXBuildFile; fileRef = F268B4981AE4D6D9008F2370 /* fbloginButton.png */; };
		F268B49B1AE4D72D008F2370 /* connect.png in Resources */ = {isa = PBXBuildFile; fileRef = F268B49A1AE4D72D008F2370 /* connect.png */; };
		F2A4FC011ADEF1E30022AAB8 /* SelectLocationFromMapViewController.m in Sources */ = {isa = PBXBuildFile; fileRef = F2A4FC001ADEF1E30022AAB8 /* SelectLocationFromMapViewController.m */; };
		F2F1C5A71AEEA773000C4BEF /* GenerateTimeSlot.m in Sources */ = {isa = PBXBuildFile; fileRef = F2F1C5A61AEEA773000C4BEF /* GenerateTimeSlot.m */; };
		F2F94D291AE785BA0092C583 /* Social.framework in Frameworks */ = {isa = PBXBuildFile; fileRef = F2F94D281AE785BA0092C583 /* Social.framework */; };
		F2F94D2B1AE785C00092C583 /* Accounts.framework in Frameworks */ = {isa = PBXBuildFile; fileRef = F2F94D2A1AE785C00092C583 /* Accounts.framework */; };
		F2F94D2D1AE7FD0C0092C583 /* facebook-share-buttons.png in Resources */ = {isa = PBXBuildFile; fileRef = F2F94D2C1AE7FD0C0092C583 /* facebook-share-buttons.png */; };
		F2F94D2F1AE7FD240092C583 /* TweetIt.png in Resources */ = {isa = PBXBuildFile; fileRef = F2F94D2E1AE7FD240092C583 /* TweetIt.png */; };
		F2F94D311AE8FA820092C583 /* UIKit.framework in Frameworks */ = {isa = PBXBuildFile; fileRef = F2F94D301AE8FA820092C583 /* UIKit.framework */; };
		F2F94D331AE8FA8A0092C583 /* Foundation.framework in Frameworks */ = {isa = PBXBuildFile; fileRef = F2F94D321AE8FA8A0092C583 /* Foundation.framework */; };
		F2F94D351AE936580092C583 /* CoreTelephony.framework in Frameworks */ = {isa = PBXBuildFile; fileRef = F2F94D341AE936570092C583 /* CoreTelephony.framework */; };
		F2F94D371AE936640092C583 /* CoreText.framework in Frameworks */ = {isa = PBXBuildFile; fileRef = F2F94D361AE936640092C583 /* CoreText.framework */; };
/* End PBXBuildFile section */

/* Begin PBXContainerItemProxy section */
		F24B35BA1ADB7E54006153EC /* PBXContainerItemProxy */ = {
			isa = PBXContainerItemProxy;
			containerPortal = F24B35951ADB7E54006153EC /* Project object */;
			proxyType = 1;
			remoteGlobalIDString = F24B359C1ADB7E54006153EC;
			remoteInfo = Svail;
		};
/* End PBXContainerItemProxy section */

/* Begin PBXFileReference section */
		3587A31141F93B686E121083 /* libPods-Svail.a */ = {isa = PBXFileReference; explicitFileType = archive.ar; includeInIndex = 0; path = "libPods-Svail.a"; sourceTree = BUILT_PRODUCTS_DIR; };
		360CBE1E1AE8271400A1F8CF /* PurchaseHistoryViewController.h */ = {isa = PBXFileReference; fileEncoding = 4; lastKnownFileType = sourcecode.c.h; path = PurchaseHistoryViewController.h; sourceTree = "<group>"; };
		360CBE1F1AE8271400A1F8CF /* PurchaseHistoryViewController.m */ = {isa = PBXFileReference; fileEncoding = 4; lastKnownFileType = sourcecode.c.objc; path = PurchaseHistoryViewController.m; sourceTree = "<group>"; };
		360CBE251AE8493C00A1F8CF /* Images.xcassets */ = {isa = PBXFileReference; lastKnownFileType = folder.assetcatalog; path = Images.xcassets; sourceTree = "<group>"; };
		360CBE271AE8EBB500A1F8CF /* ParticipantPurchaseCVCell.h */ = {isa = PBXFileReference; fileEncoding = 4; lastKnownFileType = sourcecode.c.h; path = ParticipantPurchaseCVCell.h; sourceTree = "<group>"; };
		360CBE281AE8EBB500A1F8CF /* ParticipantPurchaseCVCell.m */ = {isa = PBXFileReference; fileEncoding = 4; lastKnownFileType = sourcecode.c.objc; path = ParticipantPurchaseCVCell.m; sourceTree = "<group>"; };
		364CBE981AEF7B3900754D9C /* Main.storyboard */ = {isa = PBXFileReference; fileEncoding = 4; lastKnownFileType = file.storyboard; path = Main.storyboard; sourceTree = "<group>"; };
		364CBE9A1AEF7FC200754D9C /* RootTabBarController.h */ = {isa = PBXFileReference; fileEncoding = 4; lastKnownFileType = sourcecode.c.h; path = RootTabBarController.h; sourceTree = "<group>"; };
		364CBE9B1AEF7FC200754D9C /* RootTabBarController.m */ = {isa = PBXFileReference; fileEncoding = 4; lastKnownFileType = sourcecode.c.objc; path = RootTabBarController.m; sourceTree = "<group>"; };
		364DF2FA1AECDAFD00E0DFF6 /* RatingViewController.h */ = {isa = PBXFileReference; fileEncoding = 4; lastKnownFileType = sourcecode.c.h; path = RatingViewController.h; sourceTree = "<group>"; };
		364DF2FB1AECDAFD00E0DFF6 /* RatingViewController.m */ = {isa = PBXFileReference; fileEncoding = 4; lastKnownFileType = sourcecode.c.objc; path = RatingViewController.m; sourceTree = "<group>"; };
		364DF30A1AEDA2F600E0DFF6 /* CustomViewUtilities.h */ = {isa = PBXFileReference; fileEncoding = 4; lastKnownFileType = sourcecode.c.h; path = CustomViewUtilities.h; sourceTree = "<group>"; };
		364DF30B1AEDA2F600E0DFF6 /* CustomViewUtilities.m */ = {isa = PBXFileReference; fileEncoding = 4; lastKnownFileType = sourcecode.c.objc; path = CustomViewUtilities.m; sourceTree = "<group>"; };
		364DF30E1AEF30AF00E0DFF6 /* History.storyboard */ = {isa = PBXFileReference; fileEncoding = 4; lastKnownFileType = file.storyboard; path = History.storyboard; sourceTree = "<group>"; };
		364DF3101AEF344400E0DFF6 /* HistoryViewController.h */ = {isa = PBXFileReference; fileEncoding = 4; lastKnownFileType = sourcecode.c.h; path = HistoryViewController.h; sourceTree = "<group>"; };
		364DF3111AEF344400E0DFF6 /* HistoryViewController.m */ = {isa = PBXFileReference; fileEncoding = 4; lastKnownFileType = sourcecode.c.objc; path = HistoryViewController.m; sourceTree = "<group>"; };
		364DF3161AEF4CB300E0DFF6 /* PostTableViewCell.h */ = {isa = PBXFileReference; fileEncoding = 4; lastKnownFileType = sourcecode.c.h; path = PostTableViewCell.h; sourceTree = "<group>"; };
		364DF3171AEF4CB300E0DFF6 /* PostTableViewCell.m */ = {isa = PBXFileReference; fileEncoding = 4; lastKnownFileType = sourcecode.c.objc; path = PostTableViewCell.m; sourceTree = "<group>"; };
		364DF3191AEF4CEA00E0DFF6 /* PurchaseTableViewCell.h */ = {isa = PBXFileReference; fileEncoding = 4; lastKnownFileType = sourcecode.c.h; path = PurchaseTableViewCell.h; sourceTree = "<group>"; };
		364DF31A1AEF4CEA00E0DFF6 /* PurchaseTableViewCell.m */ = {isa = PBXFileReference; fileEncoding = 4; lastKnownFileType = sourcecode.c.objc; path = PurchaseTableViewCell.m; sourceTree = "<group>"; };
		364DF31C1AEF566700E0DFF6 /* ParticipantsCollectionViewCell.h */ = {isa = PBXFileReference; fileEncoding = 4; lastKnownFileType = sourcecode.c.h; path = ParticipantsCollectionViewCell.h; sourceTree = "<group>"; };
		364DF31D1AEF566700E0DFF6 /* ParticipantsCollectionViewCell.m */ = {isa = PBXFileReference; fileEncoding = 4; lastKnownFileType = sourcecode.c.objc; path = ParticipantsCollectionViewCell.m; sourceTree = "<group>"; };
		3666FD881ADCE2F000105272 /* FBSDKCoreKit.framework */ = {isa = PBXFileReference; lastKnownFileType = wrapper.framework; path = FBSDKCoreKit.framework; sourceTree = "<group>"; };
		3666FD8A1ADCE30100105272 /* FBSDKLoginKit.framework */ = {isa = PBXFileReference; lastKnownFileType = wrapper.framework; path = FBSDKLoginKit.framework; sourceTree = "<group>"; };
		3666FD8C1ADCE31700105272 /* FBSDKShareKit.framework */ = {isa = PBXFileReference; lastKnownFileType = wrapper.framework; path = FBSDKShareKit.framework; sourceTree = "<group>"; };
		3666FD8E1ADDB4CE00105272 /* SocialVeriViewController.h */ = {isa = PBXFileReference; fileEncoding = 4; lastKnownFileType = sourcecode.c.h; path = SocialVeriViewController.h; sourceTree = "<group>"; };
		3666FD8F1ADDB4CE00105272 /* SocialVeriViewController.m */ = {isa = PBXFileReference; fileEncoding = 4; lastKnownFileType = sourcecode.c.objc; path = SocialVeriViewController.m; sourceTree = "<group>"; };
		36BBC47A1AE43394007960F1 /* ParseFacebookUtilsV4.framework */ = {isa = PBXFileReference; lastKnownFileType = wrapper.framework; path = ParseFacebookUtilsV4.framework; sourceTree = "<group>"; };
		36BBC47C1AE435E0007960F1 /* Parse.framework */ = {isa = PBXFileReference; lastKnownFileType = wrapper.framework; path = Parse.framework; sourceTree = "<group>"; };
		36BBC47E1AE43969007960F1 /* Bolts.framework */ = {isa = PBXFileReference; lastKnownFileType = wrapper.framework; path = Bolts.framework; sourceTree = "<group>"; };
		36DE95591ADDC93900ABDB93 /* TwitterKit.framework */ = {isa = PBXFileReference; lastKnownFileType = wrapper.framework; path = TwitterKit.framework; sourceTree = "<group>"; };
		36DE955A1ADDC93900ABDB93 /* TwitterKitResources.bundle */ = {isa = PBXFileReference; lastKnownFileType = "wrapper.plug-in"; name = TwitterKitResources.bundle; path = TwitterKit.framework/Versions/A/Resources/TwitterKitResources.bundle; sourceTree = "<group>"; };
		36DE955B1ADDC93900ABDB93 /* Fabric.framework */ = {isa = PBXFileReference; lastKnownFileType = wrapper.framework; path = Fabric.framework; sourceTree = "<group>"; };
		36EBB0191AE5F6D50045AF92 /* Reference.h */ = {isa = PBXFileReference; fileEncoding = 4; lastKnownFileType = sourcecode.c.h; path = Reference.h; sourceTree = "<group>"; };
		36EBB01A1AE5F6D50045AF92 /* Reference.m */ = {isa = PBXFileReference; fileEncoding = 4; lastKnownFileType = sourcecode.c.objc; path = Reference.m; sourceTree = "<group>"; };
		36EBB0221AE80F550045AF92 /* ReviewPurchaseViewController.h */ = {isa = PBXFileReference; fileEncoding = 4; lastKnownFileType = sourcecode.c.h; path = ReviewPurchaseViewController.h; sourceTree = "<group>"; };
		36EBB0231AE80F550045AF92 /* ReviewPurchaseViewController.m */ = {isa = PBXFileReference; fileEncoding = 4; lastKnownFileType = sourcecode.c.objc; path = ReviewPurchaseViewController.m; sourceTree = "<group>"; };
		36EBB0251AE822A80045AF92 /* ConfirmPurchaseViewController.h */ = {isa = PBXFileReference; fileEncoding = 4; lastKnownFileType = sourcecode.c.h; path = ConfirmPurchaseViewController.h; sourceTree = "<group>"; };
		36EBB0261AE822A80045AF92 /* ConfirmPurchaseViewController.m */ = {isa = PBXFileReference; fileEncoding = 4; lastKnownFileType = sourcecode.c.objc; path = ConfirmPurchaseViewController.m; sourceTree = "<group>"; };
		3E4036DB1ADD882600C4A0A0 /* MapViewController.h */ = {isa = PBXFileReference; fileEncoding = 4; lastKnownFileType = sourcecode.c.h; path = MapViewController.h; sourceTree = "<group>"; };
		3E4036DC1ADD882600C4A0A0 /* MapViewController.m */ = {isa = PBXFileReference; fileEncoding = 4; lastKnownFileType = sourcecode.c.objc; path = MapViewController.m; sourceTree = "<group>"; };
		3E4036E41ADD90A500C4A0A0 /* EventLocationDownloader.h */ = {isa = PBXFileReference; fileEncoding = 4; lastKnownFileType = sourcecode.c.h; path = EventLocationDownloader.h; sourceTree = "<group>"; };
		3E4036E51ADD90A500C4A0A0 /* EventLocationDownloader.m */ = {isa = PBXFileReference; fileEncoding = 4; lastKnownFileType = sourcecode.c.objc; path = EventLocationDownloader.m; sourceTree = "<group>"; };
		3E80C4941AE4C85800405828 /* ParticipantsViewController.h */ = {isa = PBXFileReference; fileEncoding = 4; lastKnownFileType = sourcecode.c.h; path = ParticipantsViewController.h; sourceTree = "<group>"; };
		3E80C4951AE4C85800405828 /* ParticipantsViewController.m */ = {isa = PBXFileReference; fileEncoding = 4; lastKnownFileType = sourcecode.c.objc; path = ParticipantsViewController.m; sourceTree = "<group>"; };
		3E83BB8D1AE6B93C0064AE89 /* CustomPointAnnotation.h */ = {isa = PBXFileReference; fileEncoding = 4; lastKnownFileType = sourcecode.c.h; path = CustomPointAnnotation.h; sourceTree = "<group>"; };
		3E83BB8E1AE6B93C0064AE89 /* CustomPointAnnotation.m */ = {isa = PBXFileReference; fileEncoding = 4; lastKnownFileType = sourcecode.c.objc; path = CustomPointAnnotation.m; sourceTree = "<group>"; };
		3E83BB901AE712D90064AE89 /* ZSPinAnnotation.h */ = {isa = PBXFileReference; fileEncoding = 4; lastKnownFileType = sourcecode.c.h; path = ZSPinAnnotation.h; sourceTree = "<group>"; };
		3E83BB911AE712D90064AE89 /* ZSPinAnnotation.m */ = {isa = PBXFileReference; fileEncoding = 4; lastKnownFileType = sourcecode.c.objc; path = ZSPinAnnotation.m; sourceTree = "<group>"; };
		3E8A669D1ADC7D7200EF976F /* SignUpViewController.swift */ = {isa = PBXFileReference; fileEncoding = 4; lastKnownFileType = sourcecode.swift; path = SignUpViewController.swift; sourceTree = "<group>"; };
		3E8A669F1ADCA9D800EF976F /* CreateProfileViewController.swift */ = {isa = PBXFileReference; fileEncoding = 4; lastKnownFileType = sourcecode.swift; path = CreateProfileViewController.swift; sourceTree = "<group>"; };
		3E8D28921AE30E8C00D7D648 /* EditProfileViewController.h */ = {isa = PBXFileReference; fileEncoding = 4; lastKnownFileType = sourcecode.c.h; path = EditProfileViewController.h; sourceTree = "<group>"; };
		3E8D28931AE30E8C00D7D648 /* EditProfileViewController.m */ = {isa = PBXFileReference; fileEncoding = 4; lastKnownFileType = sourcecode.c.objc; path = EditProfileViewController.m; sourceTree = "<group>"; };
		3E8D28971AE30ED600D7D648 /* EditProfile.storyboard */ = {isa = PBXFileReference; fileEncoding = 4; lastKnownFileType = file.storyboard; path = EditProfile.storyboard; sourceTree = "<group>"; };
		3E8D289B1AE381F900D7D648 /* UserProfileViewController.h */ = {isa = PBXFileReference; fileEncoding = 4; lastKnownFileType = sourcecode.c.h; path = UserProfileViewController.h; sourceTree = "<group>"; };
		3E8D289C1AE381F900D7D648 /* UserProfileViewController.m */ = {isa = PBXFileReference; fileEncoding = 4; lastKnownFileType = sourcecode.c.objc; path = UserProfileViewController.m; sourceTree = "<group>"; };
		3E8D289E1AE382A800D7D648 /* UserProfile.storyboard */ = {isa = PBXFileReference; fileEncoding = 4; lastKnownFileType = file.storyboard; path = UserProfile.storyboard; sourceTree = "<group>"; };
		3E968BD11AED9F2B009FB31F /* CustomImageView.h */ = {isa = PBXFileReference; fileEncoding = 4; lastKnownFileType = sourcecode.c.h; path = CustomImageView.h; sourceTree = "<group>"; };
		3E968BD21AED9F2B009FB31F /* CustomImageView.m */ = {isa = PBXFileReference; fileEncoding = 4; lastKnownFileType = sourcecode.c.objc; path = CustomImageView.m; sourceTree = "<group>"; };
		A136A7F36C2EEAEA88027034 /* Pods-Svail.release.xcconfig */ = {isa = PBXFileReference; includeInIndex = 1; lastKnownFileType = text.xcconfig; name = "Pods-Svail.release.xcconfig"; path = "Pods/Target Support Files/Pods-Svail/Pods-Svail.release.xcconfig"; sourceTree = "<group>"; };
		D5BD42A6ED01621FC10A9AFB /* Pods-Svail.debug.xcconfig */ = {isa = PBXFileReference; includeInIndex = 1; lastKnownFileType = text.xcconfig; name = "Pods-Svail.debug.xcconfig"; path = "Pods/Target Support Files/Pods-Svail/Pods-Svail.debug.xcconfig"; sourceTree = "<group>"; };
		F232741C1AECF3E00019CE62 /* SelectTimeSlotsViewController.h */ = {isa = PBXFileReference; fileEncoding = 4; lastKnownFileType = sourcecode.c.h; path = SelectTimeSlotsViewController.h; sourceTree = "<group>"; };
		F232741D1AECF3E00019CE62 /* SelectTimeSlotsViewController.m */ = {isa = PBXFileReference; fileEncoding = 4; lastKnownFileType = sourcecode.c.objc; path = SelectTimeSlotsViewController.m; sourceTree = "<group>"; };
		F232741F1AED59CB0019CE62 /* CustomSelectTimeCell.h */ = {isa = PBXFileReference; fileEncoding = 4; lastKnownFileType = sourcecode.c.h; path = CustomSelectTimeCell.h; sourceTree = "<group>"; };
		F23274201AED59CB0019CE62 /* CustomSelectTimeCell.m */ = {isa = PBXFileReference; fileEncoding = 4; lastKnownFileType = sourcecode.c.objc; path = CustomSelectTimeCell.m; sourceTree = "<group>"; };
		F24B359D1ADB7E54006153EC /* Svail.app */ = {isa = PBXFileReference; explicitFileType = wrapper.application; includeInIndex = 0; path = Svail.app; sourceTree = BUILT_PRODUCTS_DIR; };
		F24B35A11ADB7E54006153EC /* Info.plist */ = {isa = PBXFileReference; lastKnownFileType = text.plist.xml; path = Info.plist; sourceTree = "<group>"; };
		F24B35A21ADB7E54006153EC /* main.m */ = {isa = PBXFileReference; lastKnownFileType = sourcecode.c.objc; path = main.m; sourceTree = "<group>"; };
		F24B35A41ADB7E54006153EC /* AppDelegate.h */ = {isa = PBXFileReference; lastKnownFileType = sourcecode.c.h; path = AppDelegate.h; sourceTree = "<group>"; };
		F24B35A51ADB7E54006153EC /* AppDelegate.m */ = {isa = PBXFileReference; lastKnownFileType = sourcecode.c.objc; path = AppDelegate.m; sourceTree = "<group>"; };
		F24B35A81ADB7E54006153EC /* Svail.xcdatamodel */ = {isa = PBXFileReference; lastKnownFileType = wrapper.xcdatamodel; path = Svail.xcdatamodel; sourceTree = "<group>"; };
		F24B35B31ADB7E54006153EC /* Base */ = {isa = PBXFileReference; lastKnownFileType = file.xib; name = Base; path = Base.lproj/LaunchScreen.xib; sourceTree = "<group>"; };
		F24B35B91ADB7E54006153EC /* SvailTests.xctest */ = {isa = PBXFileReference; explicitFileType = wrapper.cfbundle; includeInIndex = 0; path = SvailTests.xctest; sourceTree = BUILT_PRODUCTS_DIR; };
		F24B35BE1ADB7E54006153EC /* Info.plist */ = {isa = PBXFileReference; lastKnownFileType = text.plist.xml; path = Info.plist; sourceTree = "<group>"; };
		F24B35BF1ADB7E54006153EC /* SvailTests.m */ = {isa = PBXFileReference; lastKnownFileType = sourcecode.c.objc; path = SvailTests.m; sourceTree = "<group>"; };
		F24B35CF1ADB95AA006153EC /* SystemConfiguration.framework */ = {isa = PBXFileReference; lastKnownFileType = wrapper.framework; name = SystemConfiguration.framework; path = System/Library/Frameworks/SystemConfiguration.framework; sourceTree = SDKROOT; };
		F24B35D11ADB95BB006153EC /* libsqlite3.dylib */ = {isa = PBXFileReference; lastKnownFileType = "compiled.mach-o.dylib"; name = libsqlite3.dylib; path = usr/lib/libsqlite3.dylib; sourceTree = SDKROOT; };
		F24B35D31ADB95C5006153EC /* libz.dylib */ = {isa = PBXFileReference; lastKnownFileType = "compiled.mach-o.dylib"; name = libz.dylib; path = usr/lib/libz.dylib; sourceTree = SDKROOT; };
		F24B35D51ADB95CB006153EC /* StoreKit.framework */ = {isa = PBXFileReference; lastKnownFileType = wrapper.framework; name = StoreKit.framework; path = System/Library/Frameworks/StoreKit.framework; sourceTree = SDKROOT; };
		F24B35D71ADB95D2006153EC /* Security.framework */ = {isa = PBXFileReference; lastKnownFileType = wrapper.framework; name = Security.framework; path = System/Library/Frameworks/Security.framework; sourceTree = SDKROOT; };
		F24B35D91ADB95DD006153EC /* QuartzCore.framework */ = {isa = PBXFileReference; lastKnownFileType = wrapper.framework; name = QuartzCore.framework; path = System/Library/Frameworks/QuartzCore.framework; sourceTree = SDKROOT; };
		F24B35DB1ADB95E4006153EC /* MobileCoreServices.framework */ = {isa = PBXFileReference; lastKnownFileType = wrapper.framework; name = MobileCoreServices.framework; path = System/Library/Frameworks/MobileCoreServices.framework; sourceTree = SDKROOT; };
		F24B35DD1ADB95EA006153EC /* CoreGraphics.framework */ = {isa = PBXFileReference; lastKnownFileType = wrapper.framework; name = CoreGraphics.framework; path = System/Library/Frameworks/CoreGraphics.framework; sourceTree = SDKROOT; };
		F24B35DF1ADB95F8006153EC /* CoreLocation.framework */ = {isa = PBXFileReference; lastKnownFileType = wrapper.framework; name = CoreLocation.framework; path = System/Library/Frameworks/CoreLocation.framework; sourceTree = SDKROOT; };
		F24B35E11ADB9613006153EC /* CFNetwork.framework */ = {isa = PBXFileReference; lastKnownFileType = wrapper.framework; name = CFNetwork.framework; path = System/Library/Frameworks/CFNetwork.framework; sourceTree = SDKROOT; };
		F24B35E31ADB961E006153EC /* AudioToolbox.framework */ = {isa = PBXFileReference; lastKnownFileType = wrapper.framework; name = AudioToolbox.framework; path = System/Library/Frameworks/AudioToolbox.framework; sourceTree = SDKROOT; };
		F24B36221ADC6AE0006153EC /* Login.storyboard */ = {isa = PBXFileReference; fileEncoding = 4; lastKnownFileType = file.storyboard; path = Login.storyboard; sourceTree = "<group>"; };
		F24B36241ADC6AF1006153EC /* Map.storyboard */ = {isa = PBXFileReference; fileEncoding = 4; lastKnownFileType = file.storyboard; path = Map.storyboard; sourceTree = "<group>"; };
		F24B36261ADC6B16006153EC /* Service.storyboard */ = {isa = PBXFileReference; fileEncoding = 4; lastKnownFileType = file.storyboard; path = Service.storyboard; sourceTree = "<group>"; };
		F24B36281ADC6B28006153EC /* Purchase.storyboard */ = {isa = PBXFileReference; fileEncoding = 4; lastKnownFileType = file.storyboard; path = Purchase.storyboard; sourceTree = "<group>"; };
		F24B362A1ADC6B3C006153EC /* Verification.storyboard */ = {isa = PBXFileReference; fileEncoding = 4; lastKnownFileType = file.storyboard; path = Verification.storyboard; sourceTree = "<group>"; };
		F24B362C1ADC6B4B006153EC /* Post.storyboard */ = {isa = PBXFileReference; fileEncoding = 4; lastKnownFileType = file.storyboard; path = Post.storyboard; sourceTree = "<group>"; };
		F24B36301ADC6EDD006153EC /* MapKit.framework */ = {isa = PBXFileReference; lastKnownFileType = wrapper.framework; name = MapKit.framework; path = System/Library/Frameworks/MapKit.framework; sourceTree = SDKROOT; };
		F24B36361ADC781E006153EC /* Svail-Bridging-Header.h */ = {isa = PBXFileReference; lastKnownFileType = sourcecode.c.h; path = "Svail-Bridging-Header.h"; sourceTree = "<group>"; };
		F24B36371ADC781F006153EC /* LoginViewController.swift */ = {isa = PBXFileReference; fileEncoding = 4; lastKnownFileType = sourcecode.swift; name = LoginViewController.swift; path = ../LoginViewController.swift; sourceTree = "<group>"; };
		F24B363B1ADCA6D0006153EC /* User.h */ = {isa = PBXFileReference; fileEncoding = 4; lastKnownFileType = sourcecode.c.h; path = User.h; sourceTree = "<group>"; };
		F24B363C1ADCA6D0006153EC /* User.m */ = {isa = PBXFileReference; fileEncoding = 4; lastKnownFileType = sourcecode.c.objc; path = User.m; sourceTree = "<group>"; };
		F24B36411ADCB0E8006153EC /* Purchase.h */ = {isa = PBXFileReference; fileEncoding = 4; lastKnownFileType = sourcecode.c.h; path = Purchase.h; sourceTree = "<group>"; };
		F24B36421ADCB0E8006153EC /* Purchase.m */ = {isa = PBXFileReference; fileEncoding = 4; lastKnownFileType = sourcecode.c.objc; path = Purchase.m; sourceTree = "<group>"; };
		F24B36441ADCB320006153EC /* Image.h */ = {isa = PBXFileReference; fileEncoding = 4; lastKnownFileType = sourcecode.c.h; path = Image.h; sourceTree = "<group>"; };
		F24B36451ADCB320006153EC /* Image.m */ = {isa = PBXFileReference; fileEncoding = 4; lastKnownFileType = sourcecode.c.objc; path = Image.m; sourceTree = "<group>"; };
		F24B36471ADCB534006153EC /* Rating.h */ = {isa = PBXFileReference; fileEncoding = 4; lastKnownFileType = sourcecode.c.h; path = Rating.h; sourceTree = "<group>"; };
		F24B36481ADCB534006153EC /* Rating.m */ = {isa = PBXFileReference; fileEncoding = 4; lastKnownFileType = sourcecode.c.objc; path = Rating.m; sourceTree = "<group>"; };
		F24B364A1ADCB645006153EC /* Verification.h */ = {isa = PBXFileReference; fileEncoding = 4; lastKnownFileType = sourcecode.c.h; path = Verification.h; sourceTree = "<group>"; };
		F24B364B1ADCB645006153EC /* Verification.m */ = {isa = PBXFileReference; fileEncoding = 4; lastKnownFileType = sourcecode.c.objc; path = Verification.m; sourceTree = "<group>"; };
		F24B364D1ADCD911006153EC /* PostViewController.h */ = {isa = PBXFileReference; fileEncoding = 4; lastKnownFileType = sourcecode.c.h; path = PostViewController.h; sourceTree = "<group>"; };
		F24B364E1ADCD911006153EC /* PostViewController.m */ = {isa = PBXFileReference; fileEncoding = 4; lastKnownFileType = sourcecode.c.objc; path = PostViewController.m; sourceTree = "<group>"; };
		F24B36501ADCDD70006153EC /* camera.png */ = {isa = PBXFileReference; lastKnownFileType = image.png; path = camera.png; sourceTree = "<group>"; };
		F24B36521ADD4FBF006153EC /* PostHistoryViewController.h */ = {isa = PBXFileReference; fileEncoding = 4; lastKnownFileType = sourcecode.c.h; path = PostHistoryViewController.h; sourceTree = "<group>"; };
		F24B36531ADD4FBF006153EC /* PostHistoryViewController.m */ = {isa = PBXFileReference; fileEncoding = 4; lastKnownFileType = sourcecode.c.objc; path = PostHistoryViewController.m; sourceTree = "<group>"; };
		F24B36551ADD4FDB006153EC /* PostDetailViewController.h */ = {isa = PBXFileReference; fileEncoding = 4; lastKnownFileType = sourcecode.c.h; path = PostDetailViewController.h; sourceTree = "<group>"; };
		F24B36561ADD4FDB006153EC /* PostDetailViewController.m */ = {isa = PBXFileReference; fileEncoding = 4; lastKnownFileType = sourcecode.c.objc; path = PostDetailViewController.m; sourceTree = "<group>"; };
		F24B36581ADD8116006153EC /* AVFoundation.framework */ = {isa = PBXFileReference; lastKnownFileType = wrapper.framework; name = AVFoundation.framework; path = System/Library/Frameworks/AVFoundation.framework; sourceTree = SDKROOT; };
		F24B365A1ADDA923006153EC /* Service.h */ = {isa = PBXFileReference; fileEncoding = 4; lastKnownFileType = sourcecode.c.h; path = Service.h; sourceTree = "<group>"; };
		F24B365B1ADDA923006153EC /* Service.m */ = {isa = PBXFileReference; fileEncoding = 4; lastKnownFileType = sourcecode.c.objc; path = Service.m; sourceTree = "<group>"; };
		F24B365D1ADE2015006153EC /* SelectImageViewController.h */ = {isa = PBXFileReference; fileEncoding = 4; lastKnownFileType = sourcecode.c.h; path = SelectImageViewController.h; sourceTree = "<group>"; };
		F24B365E1ADE2015006153EC /* SelectImageViewController.m */ = {isa = PBXFileReference; fileEncoding = 4; lastKnownFileType = sourcecode.c.objc; path = SelectImageViewController.m; sourceTree = "<group>"; };
		F262CB631AE97DAB00988E5B /* PayViewController.swift */ = {isa = PBXFileReference; fileEncoding = 4; lastKnownFileType = sourcecode.swift; path = PayViewController.swift; sourceTree = "<group>"; };
		F262CB671AEAA6A600988E5B /* Svail_Team_Distribution_Profile.mobileprovision */ = {isa = PBXFileReference; lastKnownFileType = file; path = Svail_Team_Distribution_Profile.mobileprovision; sourceTree = "<group>"; };
		F262CB681AEACAED00988E5B /* mapicon.png */ = {isa = PBXFileReference; lastKnownFileType = image.png; path = mapicon.png; sourceTree = "<group>"; };
		F268B4981AE4D6D9008F2370 /* fbloginButton.png */ = {isa = PBXFileReference; lastKnownFileType = image.png; path = fbloginButton.png; sourceTree = "<group>"; };
		F268B49A1AE4D72D008F2370 /* connect.png */ = {isa = PBXFileReference; lastKnownFileType = image.png; path = connect.png; sourceTree = "<group>"; };
		F2A4FBFF1ADEF1E30022AAB8 /* SelectLocationFromMapViewController.h */ = {isa = PBXFileReference; fileEncoding = 4; lastKnownFileType = sourcecode.c.h; path = SelectLocationFromMapViewController.h; sourceTree = "<group>"; };
		F2A4FC001ADEF1E30022AAB8 /* SelectLocationFromMapViewController.m */ = {isa = PBXFileReference; fileEncoding = 4; lastKnownFileType = sourcecode.c.objc; path = SelectLocationFromMapViewController.m; sourceTree = "<group>"; };
		F2A4FC021AE0F8630022AAB8 /* Svail.entitlements */ = {isa = PBXFileReference; lastKnownFileType = text.xml; path = Svail.entitlements; sourceTree = "<group>"; };
		F2F1C5A51AEEA773000C4BEF /* GenerateTimeSlot.h */ = {isa = PBXFileReference; fileEncoding = 4; lastKnownFileType = sourcecode.c.h; path = GenerateTimeSlot.h; sourceTree = "<group>"; };
		F2F1C5A61AEEA773000C4BEF /* GenerateTimeSlot.m */ = {isa = PBXFileReference; fileEncoding = 4; lastKnownFileType = sourcecode.c.objc; path = GenerateTimeSlot.m; sourceTree = "<group>"; };
		F2F94D281AE785BA0092C583 /* Social.framework */ = {isa = PBXFileReference; lastKnownFileType = wrapper.framework; name = Social.framework; path = System/Library/Frameworks/Social.framework; sourceTree = SDKROOT; };
		F2F94D2A1AE785C00092C583 /* Accounts.framework */ = {isa = PBXFileReference; lastKnownFileType = wrapper.framework; name = Accounts.framework; path = System/Library/Frameworks/Accounts.framework; sourceTree = SDKROOT; };
		F2F94D2C1AE7FD0C0092C583 /* facebook-share-buttons.png */ = {isa = PBXFileReference; lastKnownFileType = image.png; path = "facebook-share-buttons.png"; sourceTree = "<group>"; };
		F2F94D2E1AE7FD240092C583 /* TweetIt.png */ = {isa = PBXFileReference; lastKnownFileType = image.png; path = TweetIt.png; sourceTree = "<group>"; };
		F2F94D301AE8FA820092C583 /* UIKit.framework */ = {isa = PBXFileReference; lastKnownFileType = wrapper.framework; name = UIKit.framework; path = System/Library/Frameworks/UIKit.framework; sourceTree = SDKROOT; };
		F2F94D321AE8FA8A0092C583 /* Foundation.framework */ = {isa = PBXFileReference; lastKnownFileType = wrapper.framework; name = Foundation.framework; path = System/Library/Frameworks/Foundation.framework; sourceTree = SDKROOT; };
		F2F94D341AE936570092C583 /* CoreTelephony.framework */ = {isa = PBXFileReference; lastKnownFileType = wrapper.framework; name = CoreTelephony.framework; path = System/Library/Frameworks/CoreTelephony.framework; sourceTree = SDKROOT; };
		F2F94D361AE936640092C583 /* CoreText.framework */ = {isa = PBXFileReference; lastKnownFileType = wrapper.framework; name = CoreText.framework; path = System/Library/Frameworks/CoreText.framework; sourceTree = SDKROOT; };
/* End PBXFileReference section */

/* Begin PBXFrameworksBuildPhase section */
		F24B359A1ADB7E54006153EC /* Frameworks */ = {
			isa = PBXFrameworksBuildPhase;
			buildActionMask = 2147483647;
			files = (
				F2F94D371AE936640092C583 /* CoreText.framework in Frameworks */,
				F2F94D351AE936580092C583 /* CoreTelephony.framework in Frameworks */,
				F2F94D331AE8FA8A0092C583 /* Foundation.framework in Frameworks */,
				F2F94D311AE8FA820092C583 /* UIKit.framework in Frameworks */,
				F24B35DE1ADB95EA006153EC /* CoreGraphics.framework in Frameworks */,
				F24B35DA1ADB95DD006153EC /* QuartzCore.framework in Frameworks */,
				F2F94D2B1AE785C00092C583 /* Accounts.framework in Frameworks */,
				F2F94D291AE785BA0092C583 /* Social.framework in Frameworks */,
				F24B36311ADC6EDD006153EC /* MapKit.framework in Frameworks */,
				F24B35E41ADB961E006153EC /* AudioToolbox.framework in Frameworks */,
				36BBC47B1AE43394007960F1 /* ParseFacebookUtilsV4.framework in Frameworks */,
				3666FD8D1ADCE31700105272 /* FBSDKShareKit.framework in Frameworks */,
				36DE955E1ADDC93900ABDB93 /* Fabric.framework in Frameworks */,
				F24B35E21ADB9613006153EC /* CFNetwork.framework in Frameworks */,
				36BBC47F1AE43969007960F1 /* Bolts.framework in Frameworks */,
				F24B35E01ADB95F8006153EC /* CoreLocation.framework in Frameworks */,
				F24B35DC1ADB95E4006153EC /* MobileCoreServices.framework in Frameworks */,
				36BBC47D1AE435E0007960F1 /* Parse.framework in Frameworks */,
				F24B35D81ADB95D2006153EC /* Security.framework in Frameworks */,
				F24B35D61ADB95CB006153EC /* StoreKit.framework in Frameworks */,
				F24B35D41ADB95C5006153EC /* libz.dylib in Frameworks */,
				3666FD891ADCE2F000105272 /* FBSDKCoreKit.framework in Frameworks */,
				F24B35D21ADB95BB006153EC /* libsqlite3.dylib in Frameworks */,
				F24B35D01ADB95AA006153EC /* SystemConfiguration.framework in Frameworks */,
				3666FD8B1ADCE30100105272 /* FBSDKLoginKit.framework in Frameworks */,
				36DE955C1ADDC93900ABDB93 /* TwitterKit.framework in Frameworks */,
				3060ABBB5353AFCA3B670434 /* libPods-Svail.a in Frameworks */,
			);
			runOnlyForDeploymentPostprocessing = 0;
		};
		F24B35B61ADB7E54006153EC /* Frameworks */ = {
			isa = PBXFrameworksBuildPhase;
			buildActionMask = 2147483647;
			files = (
			);
			runOnlyForDeploymentPostprocessing = 0;
		};
/* End PBXFrameworksBuildPhase section */

/* Begin PBXGroup section */
		364DF2FD1AED86E400E0DFF6 /* Custom View */ = {
			isa = PBXGroup;
			children = (
				364DF30A1AEDA2F600E0DFF6 /* CustomViewUtilities.h */,
				364DF30B1AEDA2F600E0DFF6 /* CustomViewUtilities.m */,
			);
			name = "Custom View";
			sourceTree = "<group>";
		};
		364DF30D1AEF2A0E00E0DFF6 /* History */ = {
			isa = PBXGroup;
			children = (
				364DF30E1AEF30AF00E0DFF6 /* History.storyboard */,
				364DF3101AEF344400E0DFF6 /* HistoryViewController.h */,
				364DF3111AEF344400E0DFF6 /* HistoryViewController.m */,
				364DF3161AEF4CB300E0DFF6 /* PostTableViewCell.h */,
				364DF3171AEF4CB300E0DFF6 /* PostTableViewCell.m */,
				364DF3191AEF4CEA00E0DFF6 /* PurchaseTableViewCell.h */,
				364DF31A1AEF4CEA00E0DFF6 /* PurchaseTableViewCell.m */,
				364DF31C1AEF566700E0DFF6 /* ParticipantsCollectionViewCell.h */,
				364DF31D1AEF566700E0DFF6 /* ParticipantsCollectionViewCell.m */,
			);
			name = History;
			sourceTree = "<group>";
		};
		3E8D28911AE30E0400D7D648 /* Profile */ = {
			isa = PBXGroup;
			children = (
				3E8D28921AE30E8C00D7D648 /* EditProfileViewController.h */,
				3E8D28931AE30E8C00D7D648 /* EditProfileViewController.m */,
				3E80C4941AE4C85800405828 /* ParticipantsViewController.h */,
				3E80C4951AE4C85800405828 /* ParticipantsViewController.m */,
				3E8D289B1AE381F900D7D648 /* UserProfileViewController.h */,
				3E8D289C1AE381F900D7D648 /* UserProfileViewController.m */,
				3E8D28971AE30ED600D7D648 /* EditProfile.storyboard */,
				3E8D289E1AE382A800D7D648 /* UserProfile.storyboard */,
			);
			name = Profile;
			sourceTree = "<group>";
		};
		3EC9D3D51AE16DC500071FF3 /* Cosmetic */ = {
			isa = PBXGroup;
			children = (
			);
			name = Cosmetic;
			sourceTree = "<group>";
		};
		B703C6E9E7BC9786448E02AE /* Pods */ = {
			isa = PBXGroup;
			children = (
				D5BD42A6ED01621FC10A9AFB /* Pods-Svail.debug.xcconfig */,
				A136A7F36C2EEAEA88027034 /* Pods-Svail.release.xcconfig */,
			);
			name = Pods;
			sourceTree = "<group>";
		};
		F24B35941ADB7E53006153EC = {
			isa = PBXGroup;
			children = (
				F262CB671AEAA6A600988E5B /* Svail_Team_Distribution_Profile.mobileprovision */,
				3EC9D3D51AE16DC500071FF3 /* Cosmetic */,
				F24B35CA1ADB9569006153EC /* Frameworks */,
				F24B35C91ADB953D006153EC /* Data Model */,
				F24B359F1ADB7E54006153EC /* Svail */,
				F24B35BC1ADB7E54006153EC /* SvailTests */,
				F24B359E1ADB7E54006153EC /* Products */,
				F24B36361ADC781E006153EC /* Svail-Bridging-Header.h */,
				B703C6E9E7BC9786448E02AE /* Pods */,
			);
			sourceTree = "<group>";
		};
		F24B359E1ADB7E54006153EC /* Products */ = {
			isa = PBXGroup;
			children = (
				F24B359D1ADB7E54006153EC /* Svail.app */,
				F24B35B91ADB7E54006153EC /* SvailTests.xctest */,
			);
			name = Products;
			sourceTree = "<group>";
		};
		F24B359F1ADB7E54006153EC /* Svail */ = {
			isa = PBXGroup;
			children = (
				F2A4FC021AE0F8630022AAB8 /* Svail.entitlements */,
				364DF30D1AEF2A0E00E0DFF6 /* History */,
				3E8D28911AE30E0400D7D648 /* Profile */,
				F24B36201ADC6A7B006153EC /* PostService */,
				F24B361E1ADC69BB006153EC /* Verification */,
				F24B361D1ADC6970006153EC /* Purchase */,
				F24B361C1ADC695C006153EC /* ServiceList */,
				F24B361B1ADC6907006153EC /* Map */,
				F24B361A1ADC68E9006153EC /* Login */,
				F24B35A41ADB7E54006153EC /* AppDelegate.h */,
				F24B35A51ADB7E54006153EC /* AppDelegate.m */,
				364CBE981AEF7B3900754D9C /* Main.storyboard */,
				364CBE9A1AEF7FC200754D9C /* RootTabBarController.h */,
				364CBE9B1AEF7FC200754D9C /* RootTabBarController.m */,
				F2F94D2C1AE7FD0C0092C583 /* facebook-share-buttons.png */,
				F2F94D2E1AE7FD240092C583 /* TweetIt.png */,
				F268B49A1AE4D72D008F2370 /* connect.png */,
				F262CB681AEACAED00988E5B /* mapicon.png */,
				F268B4981AE4D6D9008F2370 /* fbloginButton.png */,
				F24B36501ADCDD70006153EC /* camera.png */,
				F24B35B21ADB7E54006153EC /* LaunchScreen.xib */,
				F24B35A71ADB7E54006153EC /* Svail.xcdatamodeld */,
				360CBE251AE8493C00A1F8CF /* Images.xcassets */,
				F24B35A01ADB7E54006153EC /* Supporting Files */,
			);
			path = Svail;
			sourceTree = "<group>";
		};
		F24B35A01ADB7E54006153EC /* Supporting Files */ = {
			isa = PBXGroup;
			children = (
				F24B35A11ADB7E54006153EC /* Info.plist */,
				F24B35A21ADB7E54006153EC /* main.m */,
			);
			name = "Supporting Files";
			sourceTree = "<group>";
		};
		F24B35BC1ADB7E54006153EC /* SvailTests */ = {
			isa = PBXGroup;
			children = (
				F24B35BF1ADB7E54006153EC /* SvailTests.m */,
				F24B35BD1ADB7E54006153EC /* Supporting Files */,
			);
			path = SvailTests;
			sourceTree = "<group>";
		};
		F24B35BD1ADB7E54006153EC /* Supporting Files */ = {
			isa = PBXGroup;
			children = (
				F24B35BE1ADB7E54006153EC /* Info.plist */,
			);
			name = "Supporting Files";
			sourceTree = "<group>";
		};
		F24B35C91ADB953D006153EC /* Data Model */ = {
			isa = PBXGroup;
			children = (
				F24B363B1ADCA6D0006153EC /* User.h */,
				F24B363C1ADCA6D0006153EC /* User.m */,
				F24B365A1ADDA923006153EC /* Service.h */,
				F24B365B1ADDA923006153EC /* Service.m */,
				F24B36411ADCB0E8006153EC /* Purchase.h */,
				F24B36421ADCB0E8006153EC /* Purchase.m */,
				F24B36441ADCB320006153EC /* Image.h */,
				F24B36451ADCB320006153EC /* Image.m */,
				F24B36471ADCB534006153EC /* Rating.h */,
				F24B36481ADCB534006153EC /* Rating.m */,
				F24B364A1ADCB645006153EC /* Verification.h */,
				F24B364B1ADCB645006153EC /* Verification.m */,
				36EBB0191AE5F6D50045AF92 /* Reference.h */,
				36EBB01A1AE5F6D50045AF92 /* Reference.m */,
				364DF2FD1AED86E400E0DFF6 /* Custom View */,
			);
			name = "Data Model";
			sourceTree = "<group>";
		};
		F24B35CA1ADB9569006153EC /* Frameworks */ = {
			isa = PBXGroup;
			children = (
				F2F94D361AE936640092C583 /* CoreText.framework */,
				F2F94D341AE936570092C583 /* CoreTelephony.framework */,
				F2F94D321AE8FA8A0092C583 /* Foundation.framework */,
				F2F94D301AE8FA820092C583 /* UIKit.framework */,
				F2F94D2A1AE785C00092C583 /* Accounts.framework */,
				F2F94D281AE785BA0092C583 /* Social.framework */,
				36BBC47E1AE43969007960F1 /* Bolts.framework */,
				36BBC47C1AE435E0007960F1 /* Parse.framework */,
				36BBC47A1AE43394007960F1 /* ParseFacebookUtilsV4.framework */,
				F24B36581ADD8116006153EC /* AVFoundation.framework */,
				36DE95591ADDC93900ABDB93 /* TwitterKit.framework */,
				36DE955A1ADDC93900ABDB93 /* TwitterKitResources.bundle */,
				36DE955B1ADDC93900ABDB93 /* Fabric.framework */,
				3666FD8C1ADCE31700105272 /* FBSDKShareKit.framework */,
				3666FD8A1ADCE30100105272 /* FBSDKLoginKit.framework */,
				3666FD881ADCE2F000105272 /* FBSDKCoreKit.framework */,
				F24B36301ADC6EDD006153EC /* MapKit.framework */,
				F24B35E31ADB961E006153EC /* AudioToolbox.framework */,
				F24B35E11ADB9613006153EC /* CFNetwork.framework */,
				F24B35DF1ADB95F8006153EC /* CoreLocation.framework */,
				F24B35DD1ADB95EA006153EC /* CoreGraphics.framework */,
				F24B35DB1ADB95E4006153EC /* MobileCoreServices.framework */,
				F24B35D91ADB95DD006153EC /* QuartzCore.framework */,
				F24B35D71ADB95D2006153EC /* Security.framework */,
				F24B35D51ADB95CB006153EC /* StoreKit.framework */,
				F24B35D31ADB95C5006153EC /* libz.dylib */,
				F24B35D11ADB95BB006153EC /* libsqlite3.dylib */,
				F24B35CF1ADB95AA006153EC /* SystemConfiguration.framework */,
				3587A31141F93B686E121083 /* libPods-Svail.a */,
			);
			name = Frameworks;
			sourceTree = "<group>";
		};
		F24B361A1ADC68E9006153EC /* Login */ = {
			isa = PBXGroup;
			children = (
				F24B36371ADC781F006153EC /* LoginViewController.swift */,
				3E8A669D1ADC7D7200EF976F /* SignUpViewController.swift */,
				3E8A669F1ADCA9D800EF976F /* CreateProfileViewController.swift */,
				F24B36221ADC6AE0006153EC /* Login.storyboard */,
			);
			name = Login;
			sourceTree = "<group>";
		};
		F24B361B1ADC6907006153EC /* Map */ = {
			isa = PBXGroup;
			children = (
				3E4036DB1ADD882600C4A0A0 /* MapViewController.h */,
				3E4036DC1ADD882600C4A0A0 /* MapViewController.m */,
				3E83BB8D1AE6B93C0064AE89 /* CustomPointAnnotation.h */,
				3E83BB8E1AE6B93C0064AE89 /* CustomPointAnnotation.m */,
				3E968BD11AED9F2B009FB31F /* CustomImageView.h */,
				3E968BD21AED9F2B009FB31F /* CustomImageView.m */,
				3E83BB901AE712D90064AE89 /* ZSPinAnnotation.h */,
				3E83BB911AE712D90064AE89 /* ZSPinAnnotation.m */,
				F24B36241ADC6AF1006153EC /* Map.storyboard */,
				3E4036E41ADD90A500C4A0A0 /* EventLocationDownloader.h */,
				3E4036E51ADD90A500C4A0A0 /* EventLocationDownloader.m */,
			);
			name = Map;
			sourceTree = "<group>";
		};
		F24B361C1ADC695C006153EC /* ServiceList */ = {
			isa = PBXGroup;
			children = (
				F24B36261ADC6B16006153EC /* Service.storyboard */,
			);
			name = ServiceList;
			sourceTree = "<group>";
		};
		F24B361D1ADC6970006153EC /* Purchase */ = {
			isa = PBXGroup;
			children = (
				F24B36281ADC6B28006153EC /* Purchase.storyboard */,
				360CBE271AE8EBB500A1F8CF /* ParticipantPurchaseCVCell.h */,
				360CBE281AE8EBB500A1F8CF /* ParticipantPurchaseCVCell.m */,
				36EBB0251AE822A80045AF92 /* ConfirmPurchaseViewController.h */,
				36EBB0261AE822A80045AF92 /* ConfirmPurchaseViewController.m */,
				360CBE1E1AE8271400A1F8CF /* PurchaseHistoryViewController.h */,
				360CBE1F1AE8271400A1F8CF /* PurchaseHistoryViewController.m */,
				36EBB0221AE80F550045AF92 /* ReviewPurchaseViewController.h */,
				36EBB0231AE80F550045AF92 /* ReviewPurchaseViewController.m */,
				F262CB631AE97DAB00988E5B /* PayViewController.swift */,
				364DF2FA1AECDAFD00E0DFF6 /* RatingViewController.h */,
				364DF2FB1AECDAFD00E0DFF6 /* RatingViewController.m */,
			);
			name = Purchase;
			sourceTree = "<group>";
		};
		F24B361E1ADC69BB006153EC /* Verification */ = {
			isa = PBXGroup;
			children = (
				F24B362A1ADC6B3C006153EC /* Verification.storyboard */,
				3666FD8E1ADDB4CE00105272 /* SocialVeriViewController.h */,
				3666FD8F1ADDB4CE00105272 /* SocialVeriViewController.m */,
			);
			name = Verification;
			sourceTree = "<group>";
		};
		F24B36201ADC6A7B006153EC /* PostService */ = {
			isa = PBXGroup;
			children = (
				F24B362C1ADC6B4B006153EC /* Post.storyboard */,
				F24B365D1ADE2015006153EC /* SelectImageViewController.h */,
				F232741C1AECF3E00019CE62 /* SelectTimeSlotsViewController.h */,
				F232741D1AECF3E00019CE62 /* SelectTimeSlotsViewController.m */,
				F24B365E1ADE2015006153EC /* SelectImageViewController.m */,
				F24B36521ADD4FBF006153EC /* PostHistoryViewController.h */,
				F24B36531ADD4FBF006153EC /* PostHistoryViewController.m */,
				F24B36551ADD4FDB006153EC /* PostDetailViewController.h */,
				F24B36561ADD4FDB006153EC /* PostDetailViewController.m */,
				F24B364D1ADCD911006153EC /* PostViewController.h */,
				F24B364E1ADCD911006153EC /* PostViewController.m */,
				F232741F1AED59CB0019CE62 /* CustomSelectTimeCell.h */,
				F23274201AED59CB0019CE62 /* CustomSelectTimeCell.m */,
				F2A4FBFF1ADEF1E30022AAB8 /* SelectLocationFromMapViewController.h */,
				F2A4FC001ADEF1E30022AAB8 /* SelectLocationFromMapViewController.m */,
				F2F1C5A51AEEA773000C4BEF /* GenerateTimeSlot.h */,
				F2F1C5A61AEEA773000C4BEF /* GenerateTimeSlot.m */,
			);
			name = PostService;
			sourceTree = "<group>";
		};
/* End PBXGroup section */

/* Begin PBXNativeTarget section */
		F24B359C1ADB7E54006153EC /* Svail */ = {
			isa = PBXNativeTarget;
			buildConfigurationList = F24B35C31ADB7E54006153EC /* Build configuration list for PBXNativeTarget "Svail" */;
			buildPhases = (
				8952A51A448E1DB8B6B4AF1C /* Check Pods Manifest.lock */,
				F24B35991ADB7E54006153EC /* Sources */,
				F24B359A1ADB7E54006153EC /* Frameworks */,
				F24B359B1ADB7E54006153EC /* Resources */,
				36DE95581ADDC81100ABDB93 /* ShellScript */,
				87C6D07493B99A3C4C072184 /* Copy Pods Resources */,
				F262CB651AEA9AB900988E5B /* ShellScript */,
			);
			buildRules = (
			);
			dependencies = (
			);
			name = Svail;
			productName = Svail;
			productReference = F24B359D1ADB7E54006153EC /* Svail.app */;
			productType = "com.apple.product-type.application";
		};
		F24B35B81ADB7E54006153EC /* SvailTests */ = {
			isa = PBXNativeTarget;
			buildConfigurationList = F24B35C61ADB7E54006153EC /* Build configuration list for PBXNativeTarget "SvailTests" */;
			buildPhases = (
				F24B35B51ADB7E54006153EC /* Sources */,
				F24B35B61ADB7E54006153EC /* Frameworks */,
				F24B35B71ADB7E54006153EC /* Resources */,
			);
			buildRules = (
			);
			dependencies = (
				F24B35BB1ADB7E54006153EC /* PBXTargetDependency */,
			);
			name = SvailTests;
			productName = SvailTests;
			productReference = F24B35B91ADB7E54006153EC /* SvailTests.xctest */;
			productType = "com.apple.product-type.bundle.unit-test";
		};
/* End PBXNativeTarget section */

/* Begin PBXProject section */
		F24B35951ADB7E54006153EC /* Project object */ = {
			isa = PBXProject;
			attributes = {
				LastUpgradeCheck = 0630;
				ORGANIZATIONNAME = Svail;
				TargetAttributes = {
					F24B359C1ADB7E54006153EC = {
						CreatedOnToolsVersion = 6.3;
						DevelopmentTeam = A37GTC4NZF;
						SystemCapabilities = {
							com.apple.OMC = {
								enabled = 1;
							};
						};
					};
					F24B35B81ADB7E54006153EC = {
						CreatedOnToolsVersion = 6.3;
						TestTargetID = F24B359C1ADB7E54006153EC;
					};
				};
			};
			buildConfigurationList = F24B35981ADB7E54006153EC /* Build configuration list for PBXProject "Svail" */;
			compatibilityVersion = "Xcode 3.2";
			developmentRegion = English;
			hasScannedForEncodings = 0;
			knownRegions = (
				en,
				Base,
			);
			mainGroup = F24B35941ADB7E53006153EC;
			productRefGroup = F24B359E1ADB7E54006153EC /* Products */;
			projectDirPath = "";
			projectRoot = "";
			targets = (
				F24B359C1ADB7E54006153EC /* Svail */,
				F24B35B81ADB7E54006153EC /* SvailTests */,
			);
		};
/* End PBXProject section */

/* Begin PBXResourcesBuildPhase section */
		F24B359B1ADB7E54006153EC /* Resources */ = {
			isa = PBXResourcesBuildPhase;
			buildActionMask = 2147483647;
			files = (
				F24B36271ADC6B16006153EC /* Service.storyboard in Resources */,
				F268B49B1AE4D72D008F2370 /* connect.png in Resources */,
				F262CB691AEACAED00988E5B /* mapicon.png in Resources */,
				F2F94D2D1AE7FD0C0092C583 /* facebook-share-buttons.png in Resources */,
				36DE955D1ADDC93900ABDB93 /* TwitterKitResources.bundle in Resources */,
				F24B362B1ADC6B3C006153EC /* Verification.storyboard in Resources */,
				F24B36231ADC6AE0006153EC /* Login.storyboard in Resources */,
				F2F94D2F1AE7FD240092C583 /* TweetIt.png in Resources */,
				F24B362D1ADC6B4B006153EC /* Post.storyboard in Resources */,
				F24B36251ADC6AF1006153EC /* Map.storyboard in Resources */,
				3E8D28981AE30ED600D7D648 /* EditProfile.storyboard in Resources */,
				360CBE261AE8493C00A1F8CF /* Images.xcassets in Resources */,
				3E8D289F1AE382A800D7D648 /* UserProfile.storyboard in Resources */,
				F24B35B41ADB7E54006153EC /* LaunchScreen.xib in Resources */,
				F24B36291ADC6B28006153EC /* Purchase.storyboard in Resources */,
				F24B36511ADCDD70006153EC /* camera.png in Resources */,
				F268B4991AE4D6D9008F2370 /* fbloginButton.png in Resources */,
				364CBE991AEF7B3900754D9C /* Main.storyboard in Resources */,
				364DF30F1AEF30AF00E0DFF6 /* History.storyboard in Resources */,
			);
			runOnlyForDeploymentPostprocessing = 0;
		};
		F24B35B71ADB7E54006153EC /* Resources */ = {
			isa = PBXResourcesBuildPhase;
			buildActionMask = 2147483647;
			files = (
			);
			runOnlyForDeploymentPostprocessing = 0;
		};
/* End PBXResourcesBuildPhase section */

/* Begin PBXShellScriptBuildPhase section */
		36DE95581ADDC81100ABDB93 /* ShellScript */ = {
			isa = PBXShellScriptBuildPhase;
			buildActionMask = 2147483647;
			files = (
			);
			inputPaths = (
			);
			outputPaths = (
			);
			runOnlyForDeploymentPostprocessing = 0;
			shellPath = /bin/sh;
			shellScript = "./Fabric.framework/run ebccb669ffdc377a48919250999071ac6c811967 69aec51601d34c23e27ccd034d6b51c63fc10215b3f619080b8e8c5ea7ed8845";
		};
		87C6D07493B99A3C4C072184 /* Copy Pods Resources */ = {
			isa = PBXShellScriptBuildPhase;
			buildActionMask = 2147483647;
			files = (
			);
			inputPaths = (
			);
			name = "Copy Pods Resources";
			outputPaths = (
			);
			runOnlyForDeploymentPostprocessing = 0;
			shellPath = /bin/sh;
			shellScript = "\"${SRCROOT}/Pods/Target Support Files/Pods-Svail/Pods-Svail-resources.sh\"\n";
			showEnvVarsInLog = 0;
		};
		8952A51A448E1DB8B6B4AF1C /* Check Pods Manifest.lock */ = {
			isa = PBXShellScriptBuildPhase;
			buildActionMask = 2147483647;
			files = (
			);
			inputPaths = (
			);
			name = "Check Pods Manifest.lock";
			outputPaths = (
			);
			runOnlyForDeploymentPostprocessing = 0;
			shellPath = /bin/sh;
			shellScript = "diff \"${PODS_ROOT}/../Podfile.lock\" \"${PODS_ROOT}/Manifest.lock\" > /dev/null\nif [[ $? != 0 ]] ; then\n    cat << EOM\nerror: The sandbox is not in sync with the Podfile.lock. Run 'pod install' or update your CocoaPods installation.\nEOM\n    exit 1\nfi\n";
			showEnvVarsInLog = 0;
		};
		F262CB651AEA9AB900988E5B /* ShellScript */ = {
			isa = PBXShellScriptBuildPhase;
			buildActionMask = 2147483647;
			files = (
			);
			inputPaths = (
			);
			outputPaths = (
			);
			runOnlyForDeploymentPostprocessing = 0;
			shellPath = /bin/sh;
			shellScript = "FILE=\"${SRCROOT}/HockeySDK-iOS/BuildAgent\"\nif [ -f \"$FILE\" ]; then\n\"$FILE\"\nfi";
		};
/* End PBXShellScriptBuildPhase section */

/* Begin PBXSourcesBuildPhase section */
		F24B35991ADB7E54006153EC /* Sources */ = {
			isa = PBXSourcesBuildPhase;
			buildActionMask = 2147483647;
			files = (
				3E8A669E1ADC7D7200EF976F /* SignUpViewController.swift in Sources */,
				F24B364C1ADCB645006153EC /* Verification.m in Sources */,
				F24B36491ADCB534006153EC /* Rating.m in Sources */,
				F24B365C1ADDA923006153EC /* Service.m in Sources */,
				36EBB0241AE80F550045AF92 /* ReviewPurchaseViewController.m in Sources */,
				3E8D28941AE30E8C00D7D648 /* EditProfileViewController.m in Sources */,
				3E968BD31AED9F2B009FB31F /* CustomImageView.m in Sources */,
				F24B365F1ADE2015006153EC /* SelectImageViewController.m in Sources */,
				364DF31E1AEF566700E0DFF6 /* ParticipantsCollectionViewCell.m in Sources */,
				F24B36431ADCB0E8006153EC /* Purchase.m in Sources */,
				364DF30C1AEDA2F600E0DFF6 /* CustomViewUtilities.m in Sources */,
				F24B35A61ADB7E54006153EC /* AppDelegate.m in Sources */,
				364DF3121AEF344400E0DFF6 /* HistoryViewController.m in Sources */,
				F2A4FC011ADEF1E30022AAB8 /* SelectLocationFromMapViewController.m in Sources */,
				3E4036E61ADD90A500C4A0A0 /* EventLocationDownloader.m in Sources */,
				F2F1C5A71AEEA773000C4BEF /* GenerateTimeSlot.m in Sources */,
				360CBE201AE8271400A1F8CF /* PurchaseHistoryViewController.m in Sources */,
				3E8D289D1AE381F900D7D648 /* UserProfileViewController.m in Sources */,
				F24B35A31ADB7E54006153EC /* main.m in Sources */,
				F24B363D1ADCA6D0006153EC /* User.m in Sources */,
				364DF2FC1AECDAFD00E0DFF6 /* RatingViewController.m in Sources */,
				364CBE9C1AEF7FC200754D9C /* RootTabBarController.m in Sources */,
				36EBB01B1AE5F6D50045AF92 /* Reference.m in Sources */,
				3E80C4961AE4C85800405828 /* ParticipantsViewController.m in Sources */,
				3666FD901ADDB4CE00105272 /* SocialVeriViewController.m in Sources */,
				F24B364F1ADCD911006153EC /* PostViewController.m in Sources */,
				F24B36571ADD4FDB006153EC /* PostDetailViewController.m in Sources */,
				364DF3181AEF4CB300E0DFF6 /* PostTableViewCell.m in Sources */,
				F262CB641AE97DAB00988E5B /* PayViewController.swift in Sources */,
				3E83BB8F1AE6B93C0064AE89 /* CustomPointAnnotation.m in Sources */,
				F24B36461ADCB320006153EC /* Image.m in Sources */,
				F24B36381ADC781F006153EC /* LoginViewController.swift in Sources */,
				364DF31B1AEF4CEA00E0DFF6 /* PurchaseTableViewCell.m in Sources */,
				F24B36541ADD4FBF006153EC /* PostHistoryViewController.m in Sources */,
				F24B35A91ADB7E54006153EC /* Svail.xcdatamodeld in Sources */,
				360CBE291AE8EBB500A1F8CF /* ParticipantPurchaseCVCell.m in Sources */,
				3E4036DD1ADD882600C4A0A0 /* MapViewController.m in Sources */,
				36EBB0271AE822A80045AF92 /* ConfirmPurchaseViewController.m in Sources */,
				3E8A66A01ADCA9D800EF976F /* CreateProfileViewController.swift in Sources */,
				3E83BB921AE712D90064AE89 /* ZSPinAnnotation.m in Sources */,
			);
			runOnlyForDeploymentPostprocessing = 0;
		};
		F24B35B51ADB7E54006153EC /* Sources */ = {
			isa = PBXSourcesBuildPhase;
			buildActionMask = 2147483647;
			files = (
				F24B35C01ADB7E54006153EC /* SvailTests.m in Sources */,
			);
			runOnlyForDeploymentPostprocessing = 0;
		};
/* End PBXSourcesBuildPhase section */

/* Begin PBXTargetDependency section */
		F24B35BB1ADB7E54006153EC /* PBXTargetDependency */ = {
			isa = PBXTargetDependency;
			target = F24B359C1ADB7E54006153EC /* Svail */;
			targetProxy = F24B35BA1ADB7E54006153EC /* PBXContainerItemProxy */;
		};
/* End PBXTargetDependency section */

/* Begin PBXVariantGroup section */
		F24B35B21ADB7E54006153EC /* LaunchScreen.xib */ = {
			isa = PBXVariantGroup;
			children = (
				F24B35B31ADB7E54006153EC /* Base */,
			);
			name = LaunchScreen.xib;
			sourceTree = "<group>";
		};
/* End PBXVariantGroup section */

/* Begin XCBuildConfiguration section */
		F24B35C11ADB7E54006153EC /* Debug */ = {
			isa = XCBuildConfiguration;
			buildSettings = {
				ALWAYS_SEARCH_USER_PATHS = NO;
				CLANG_CXX_LANGUAGE_STANDARD = "gnu++0x";
				CLANG_CXX_LIBRARY = "libc++";
				CLANG_ENABLE_MODULES = YES;
				CLANG_ENABLE_OBJC_ARC = YES;
				CLANG_WARN_BOOL_CONVERSION = YES;
				CLANG_WARN_CONSTANT_CONVERSION = YES;
				CLANG_WARN_DIRECT_OBJC_ISA_USAGE = YES_ERROR;
				CLANG_WARN_EMPTY_BODY = YES;
				CLANG_WARN_ENUM_CONVERSION = YES;
				CLANG_WARN_INT_CONVERSION = YES;
				CLANG_WARN_OBJC_ROOT_CLASS = YES_ERROR;
				CLANG_WARN_UNREACHABLE_CODE = YES;
				CLANG_WARN__DUPLICATE_METHOD_MATCH = YES;
				"CODE_SIGN_IDENTITY[sdk=iphoneos*]" = "iPhone Developer";
				COPY_PHASE_STRIP = NO;
				DEBUG_INFORMATION_FORMAT = "dwarf-with-dsym";
				ENABLE_STRICT_OBJC_MSGSEND = YES;
				GCC_C_LANGUAGE_STANDARD = gnu99;
				GCC_DYNAMIC_NO_PIC = NO;
				GCC_NO_COMMON_BLOCKS = YES;
				GCC_OPTIMIZATION_LEVEL = 0;
				GCC_PREPROCESSOR_DEFINITIONS = (
					"DEBUG=1",
					"$(inherited)",
				);
				GCC_SYMBOLS_PRIVATE_EXTERN = NO;
				GCC_WARN_64_TO_32_BIT_CONVERSION = YES;
				GCC_WARN_ABOUT_RETURN_TYPE = YES_ERROR;
				GCC_WARN_UNDECLARED_SELECTOR = YES;
				GCC_WARN_UNINITIALIZED_AUTOS = YES_AGGRESSIVE;
				GCC_WARN_UNUSED_FUNCTION = YES;
				GCC_WARN_UNUSED_VARIABLE = YES;
				IPHONEOS_DEPLOYMENT_TARGET = 8.3;
				MTL_ENABLE_DEBUG_INFO = YES;
				ONLY_ACTIVE_ARCH = YES;
				SDKROOT = iphoneos;
			};
			name = Debug;
		};
		F24B35C21ADB7E54006153EC /* Release */ = {
			isa = XCBuildConfiguration;
			buildSettings = {
				ALWAYS_SEARCH_USER_PATHS = NO;
				CLANG_CXX_LANGUAGE_STANDARD = "gnu++0x";
				CLANG_CXX_LIBRARY = "libc++";
				CLANG_ENABLE_MODULES = YES;
				CLANG_ENABLE_OBJC_ARC = YES;
				CLANG_WARN_BOOL_CONVERSION = YES;
				CLANG_WARN_CONSTANT_CONVERSION = YES;
				CLANG_WARN_DIRECT_OBJC_ISA_USAGE = YES_ERROR;
				CLANG_WARN_EMPTY_BODY = YES;
				CLANG_WARN_ENUM_CONVERSION = YES;
				CLANG_WARN_INT_CONVERSION = YES;
				CLANG_WARN_OBJC_ROOT_CLASS = YES_ERROR;
				CLANG_WARN_UNREACHABLE_CODE = YES;
				CLANG_WARN__DUPLICATE_METHOD_MATCH = YES;
				"CODE_SIGN_IDENTITY[sdk=iphoneos*]" = "iPhone Developer";
				COPY_PHASE_STRIP = NO;
				DEBUG_INFORMATION_FORMAT = "dwarf-with-dsym";
				ENABLE_NS_ASSERTIONS = NO;
				ENABLE_STRICT_OBJC_MSGSEND = YES;
				GCC_C_LANGUAGE_STANDARD = gnu99;
				GCC_NO_COMMON_BLOCKS = YES;
				GCC_WARN_64_TO_32_BIT_CONVERSION = YES;
				GCC_WARN_ABOUT_RETURN_TYPE = YES_ERROR;
				GCC_WARN_UNDECLARED_SELECTOR = YES;
				GCC_WARN_UNINITIALIZED_AUTOS = YES_AGGRESSIVE;
				GCC_WARN_UNUSED_FUNCTION = YES;
				GCC_WARN_UNUSED_VARIABLE = YES;
				IPHONEOS_DEPLOYMENT_TARGET = 8.3;
				MTL_ENABLE_DEBUG_INFO = NO;
				SDKROOT = iphoneos;
				VALIDATE_PRODUCT = YES;
			};
			name = Release;
		};
		F24B35C41ADB7E54006153EC /* Debug */ = {
			isa = XCBuildConfiguration;
			baseConfigurationReference = D5BD42A6ED01621FC10A9AFB /* Pods-Svail.debug.xcconfig */;
			buildSettings = {
				ASSETCATALOG_COMPILER_APPICON_NAME = AppIcon;
				CLANG_ENABLE_MODULES = YES;
				CODE_SIGN_ENTITLEMENTS = Svail/Svail.entitlements;
				CODE_SIGN_IDENTITY = "";
				"CODE_SIGN_IDENTITY[sdk=iphoneos*]" = "";
				FRAMEWORK_SEARCH_PATHS = (
					"$(inherited)",
					"$(PROJECT_DIR)",
				);
				GCC_PREPROCESSOR_DEFINITIONS = (
					"$(inherited)",
					"COCOAPODS=1",
					STRIPE_ENABLE_APPLEPAY,
				);
				INFOPLIST_FILE = Svail/Info.plist;
				LD_RUNPATH_SEARCH_PATHS = "$(inherited) @executable_path/Frameworks";
				PRODUCT_NAME = "$(TARGET_NAME)";
				PROVISIONING_PROFILE = "b49a60af-efd5-4907-8ef8-174d9d05ad23";
				SWIFT_OBJC_BRIDGING_HEADER = "Svail-Bridging-Header.h";
				SWIFT_OPTIMIZATION_LEVEL = "-Onone";
				VALID_ARCHS = "arm64 armv7 armv7s";
			};
			name = Debug;
		};
		F24B35C51ADB7E54006153EC /* Release */ = {
			isa = XCBuildConfiguration;
			baseConfigurationReference = A136A7F36C2EEAEA88027034 /* Pods-Svail.release.xcconfig */;
			buildSettings = {
				ASSETCATALOG_COMPILER_APPICON_NAME = AppIcon;
				CLANG_ENABLE_MODULES = YES;
				CODE_SIGN_ENTITLEMENTS = Svail/Svail.entitlements;
				CODE_SIGN_IDENTITY = "";
				"CODE_SIGN_IDENTITY[sdk=iphoneos*]" = "";
				FRAMEWORK_SEARCH_PATHS = (
					"$(inherited)",
					"$(PROJECT_DIR)",
				);
				GCC_PREPROCESSOR_DEFINITIONS = (
					"$(inherited)",
					"COCOAPODS=1",
					STRIPE_ENABLE_APPLEPAY,
				);
				INFOPLIST_FILE = Svail/Info.plist;
				LD_RUNPATH_SEARCH_PATHS = "$(inherited) @executable_path/Frameworks";
				PRODUCT_NAME = "$(TARGET_NAME)";
				PROVISIONING_PROFILE = "b49a60af-efd5-4907-8ef8-174d9d05ad23";
				SWIFT_OBJC_BRIDGING_HEADER = "Svail-Bridging-Header.h";
				VALID_ARCHS = "arm64 armv7 armv7s";
			};
			name = Release;
		};
		F24B35C71ADB7E54006153EC /* Debug */ = {
			isa = XCBuildConfiguration;
			buildSettings = {
				BUNDLE_LOADER = "$(TEST_HOST)";
				FRAMEWORK_SEARCH_PATHS = (
					"$(SDKROOT)/Developer/Library/Frameworks",
					"$(inherited)",
				);
				GCC_PREPROCESSOR_DEFINITIONS = (
					"DEBUG=1",
					"$(inherited)",
				);
				INFOPLIST_FILE = SvailTests/Info.plist;
				LD_RUNPATH_SEARCH_PATHS = "$(inherited) @executable_path/Frameworks @loader_path/Frameworks";
				PRODUCT_NAME = "$(TARGET_NAME)";
				TEST_HOST = "$(BUILT_PRODUCTS_DIR)/Svail.app/Svail";
			};
			name = Debug;
		};
		F24B35C81ADB7E54006153EC /* Release */ = {
			isa = XCBuildConfiguration;
			buildSettings = {
				BUNDLE_LOADER = "$(TEST_HOST)";
				FRAMEWORK_SEARCH_PATHS = (
					"$(SDKROOT)/Developer/Library/Frameworks",
					"$(inherited)",
				);
				INFOPLIST_FILE = SvailTests/Info.plist;
				LD_RUNPATH_SEARCH_PATHS = "$(inherited) @executable_path/Frameworks @loader_path/Frameworks";
				PRODUCT_NAME = "$(TARGET_NAME)";
				TEST_HOST = "$(BUILT_PRODUCTS_DIR)/Svail.app/Svail";
			};
			name = Release;
		};
/* End XCBuildConfiguration section */

/* Begin XCConfigurationList section */
		F24B35981ADB7E54006153EC /* Build configuration list for PBXProject "Svail" */ = {
			isa = XCConfigurationList;
			buildConfigurations = (
				F24B35C11ADB7E54006153EC /* Debug */,
				F24B35C21ADB7E54006153EC /* Release */,
			);
			defaultConfigurationIsVisible = 0;
			defaultConfigurationName = Release;
		};
		F24B35C31ADB7E54006153EC /* Build configuration list for PBXNativeTarget "Svail" */ = {
			isa = XCConfigurationList;
			buildConfigurations = (
				F24B35C41ADB7E54006153EC /* Debug */,
				F24B35C51ADB7E54006153EC /* Release */,
			);
			defaultConfigurationIsVisible = 0;
			defaultConfigurationName = Release;
		};
		F24B35C61ADB7E54006153EC /* Build configuration list for PBXNativeTarget "SvailTests" */ = {
			isa = XCConfigurationList;
			buildConfigurations = (
				F24B35C71ADB7E54006153EC /* Debug */,
				F24B35C81ADB7E54006153EC /* Release */,
			);
			defaultConfigurationIsVisible = 0;
			defaultConfigurationName = Release;
		};
/* End XCConfigurationList section */

/* Begin XCVersionGroup section */
		F24B35A71ADB7E54006153EC /* Svail.xcdatamodeld */ = {
			isa = XCVersionGroup;
			children = (
				F24B35A81ADB7E54006153EC /* Svail.xcdatamodel */,
			);
			currentVersion = F24B35A81ADB7E54006153EC /* Svail.xcdatamodel */;
			path = Svail.xcdatamodeld;
			sourceTree = "<group>";
			versionGroupType = wrapper.xcdatamodel;
		};
/* End XCVersionGroup section */
	};
	rootObject = F24B35951ADB7E54006153EC /* Project object */;
}
